
Microsoft Visual Studio Solution File, Format Version 12.00
# Visual Studio Version 16
VisualStudioVersion = 16.0.30907.101
MinimumVisualStudioVersion = 10.0.40219.1
Project("{FAE04EC0-301F-11D3-BF4B-00C04F79EFBC}") = "App.DAL", "App.DAL\App.DAL.csproj", "{3549CE59-AF51-47D7-B2A8-A1E6A1F7D59C}"
EndProject
Project("{FAE04EC0-301F-11D3-BF4B-00C04F79EFBC}") = "App.BL", "App.BL\App.BL.csproj", "{927E7D73-E390-4DC4-88B2-FE246F185EAD}"
EndProject
Project("{FAE04EC0-301F-11D3-BF4B-00C04F79EFBC}") = "App.PL", "App.PL\App.PL.csproj", "{4337E208-0BFC-43AD-930A-8509B757994A}"
EndProject
Global
	GlobalSection(SolutionConfigurationPlatforms) = preSolution
		Debug|Any CPU = Debug|Any CPU
		Release|Any CPU = Release|Any CPU
	EndGlobalSection
	GlobalSection(ProjectConfigurationPlatforms) = postSolution
		{3549CE59-AF51-47D7-B2A8-A1E6A1F7D59C}.Debug|Any CPU.ActiveCfg = Debug|Any CPU
		{3549CE59-AF51-47D7-B2A8-A1E6A1F7D59C}.Debug|Any CPU.Build.0 = Debug|Any CPU
		{3549CE59-AF51-47D7-B2A8-A1E6A1F7D59C}.Release|Any CPU.ActiveCfg = Release|Any CPU
		{3549CE59-AF51-47D7-B2A8-A1E6A1F7D59C}.Release|Any CPU.Build.0 = Release|Any CPU
		{927E7D73-E390-4DC4-88B2-FE246F185EAD}.Debug|Any CPU.ActiveCfg = Debug|Any CPU
		{927E7D73-E390-4DC4-88B2-FE246F185EAD}.Debug|Any CPU.Build.0 = Debug|Any CPU
		{927E7D73-E390-4DC4-88B2-FE246F185EAD}.Release|Any CPU.ActiveCfg = Release|Any CPU
		{927E7D73-E390-4DC4-88B2-FE246F185EAD}.Release|Any CPU.Build.0 = Release|Any CPU
		{4337E208-0BFC-43AD-930A-8509B757994A}.Debug|Any CPU.ActiveCfg = Debug|Any CPU
		{4337E208-0BFC-43AD-930A-8509B757994A}.Debug|Any CPU.Build.0 = Debug|Any CPU
		{4337E208-0BFC-43AD-930A-8509B757994A}.Release|Any CPU.ActiveCfg = Release|Any CPU
		{4337E208-0BFC-43AD-930A-8509B757994A}.Release|Any CPU.Build.0 = Release|Any CPU
	EndGlobalSection
	GlobalSection(SolutionProperties) = preSolution
		HideSolutionNode = FALSE
	EndGlobalSection
	GlobalSection(ExtensibilityGlobals) = postSolution
		SolutionGuid = {31E95A67-628A-4B30-BED0-2C324452C6FA}
	EndGlobalSection
EndGlobal
